
Microsoft Visual Studio Solution File, Format Version 12.00
# Visual Studio Version 16
VisualStudioVersion = 16.0.30611.23
MinimumVisualStudioVersion = 10.0.40219.1
Project("{FAE04EC0-301F-11D3-BF4B-00C04F79EFBC}") = "SoundsharpMVC", "SoundsharpMVC\SoundsharpMVC.csproj", "{BEED6275-399A-4A8D-A699-C1829D1E5FE3}"
EndProject
Project("{FAE04EC0-301F-11D3-BF4B-00C04F79EFBC}") = "AudioDevices", "AudioDevices\AudioDevices.csproj", "{393BD028-853A-4965-86EF-31EBCE200F15}"
EndProject
Global
	GlobalSection(SolutionConfigurationPlatforms) = preSolution
		Debug|Any CPU = Debug|Any CPU
		Release|Any CPU = Release|Any CPU
	EndGlobalSection
	GlobalSection(ProjectConfigurationPlatforms) = postSolution
		{BEED6275-399A-4A8D-A699-C1829D1E5FE3}.Debug|Any CPU.ActiveCfg = Debug|Any CPU
		{BEED6275-399A-4A8D-A699-C1829D1E5FE3}.Debug|Any CPU.Build.0 = Debug|Any CPU
		{BEED6275-399A-4A8D-A699-C1829D1E5FE3}.Release|Any CPU.ActiveCfg = Release|Any CPU
		{BEED6275-399A-4A8D-A699-C1829D1E5FE3}.Release|Any CPU.Build.0 = Release|Any CPU
		{393BD028-853A-4965-86EF-31EBCE200F15}.Debug|Any CPU.ActiveCfg = Debug|Any CPU
		{393BD028-853A-4965-86EF-31EBCE200F15}.Debug|Any CPU.Build.0 = Debug|Any CPU
		{393BD028-853A-4965-86EF-31EBCE200F15}.Release|Any CPU.ActiveCfg = Release|Any CPU
		{393BD028-853A-4965-86EF-31EBCE200F15}.Release|Any CPU.Build.0 = Release|Any CPU
	EndGlobalSection
	GlobalSection(SolutionProperties) = preSolution
		HideSolutionNode = FALSE
	EndGlobalSection
	GlobalSection(ExtensibilityGlobals) = postSolution
		SolutionGuid = {C485D7BD-221C-4D75-A86C-E6E3E577BFD8}
	EndGlobalSection
EndGlobal
